
Microsoft Visual Studio Solution File, Format Version 12.00
# Visual Studio Version 17
VisualStudioVersion = 17.5.33516.290
MinimumVisualStudioVersion = 10.0.40219.1
Project("{FAE04EC0-301F-11D3-BF4B-00C04F79EFBC}") = "WindowsFormsApp1", "WindowsFormsApp1\WindowsFormsApp1.csproj", "{1A2C03B2-47C7-4E71-8C02-93609F6F885B}"
EndProject
Project("{FAE04EC0-301F-11D3-BF4B-00C04F79EFBC}") = "Parse", "Parse\Parse.csproj", "{A4CEE6C1-5CE9-4D45-877B-39BD87C15027}"
EndProject
Project("{FAE04EC0-301F-11D3-BF4B-00C04F79EFBC}") = "Parse_Tests", "Parse_Tests\Parse_Tests.csproj", "{4468C3F1-C6FD-42B7-A4BC-96BA716175BB}"
EndProject
Global
	GlobalSection(SolutionConfigurationPlatforms) = preSolution
		Debug|Any CPU = Debug|Any CPU
		Release|Any CPU = Release|Any CPU
	EndGlobalSection
	GlobalSection(ProjectConfigurationPlatforms) = postSolution
		{1A2C03B2-47C7-4E71-8C02-93609F6F885B}.Debug|Any CPU.ActiveCfg = Debug|Any CPU
		{1A2C03B2-47C7-4E71-8C02-93609F6F885B}.Debug|Any CPU.Build.0 = Debug|Any CPU
		{1A2C03B2-47C7-4E71-8C02-93609F6F885B}.Release|Any CPU.ActiveCfg = Release|Any CPU
		{1A2C03B2-47C7-4E71-8C02-93609F6F885B}.Release|Any CPU.Build.0 = Release|Any CPU
		{A4CEE6C1-5CE9-4D45-877B-39BD87C15027}.Debug|Any CPU.ActiveCfg = Debug|Any CPU
		{A4CEE6C1-5CE9-4D45-877B-39BD87C15027}.Debug|Any CPU.Build.0 = Debug|Any CPU
		{A4CEE6C1-5CE9-4D45-877B-39BD87C15027}.Release|Any CPU.ActiveCfg = Release|Any CPU
		{A4CEE6C1-5CE9-4D45-877B-39BD87C15027}.Release|Any CPU.Build.0 = Release|Any CPU
		{4468C3F1-C6FD-42B7-A4BC-96BA716175BB}.Debug|Any CPU.ActiveCfg = Debug|Any CPU
		{4468C3F1-C6FD-42B7-A4BC-96BA716175BB}.Debug|Any CPU.Build.0 = Debug|Any CPU
		{4468C3F1-C6FD-42B7-A4BC-96BA716175BB}.Release|Any CPU.ActiveCfg = Release|Any CPU
		{4468C3F1-C6FD-42B7-A4BC-96BA716175BB}.Release|Any CPU.Build.0 = Release|Any CPU
	EndGlobalSection
	GlobalSection(SolutionProperties) = preSolution
		HideSolutionNode = FALSE
	EndGlobalSection
	GlobalSection(ExtensibilityGlobals) = postSolution
		SolutionGuid = {9FB20A51-D01D-40AB-AECC-99756C589F13}
	EndGlobalSection
EndGlobal
